{
  "name": "responsify",
  "version": "1.0.0",
  "lockfileVersion": 2,
  "requires": true,
  "packages": {
    "": {
      "name": "responsify",
      "version": "1.0.0",
      "license": "ISC",
      "devDependencies": {
        "@figma/plugin-typings": "^1.64.0",
        "tslib": "^1.10.0"
      }
    },
    "node_modules/@figma/plugin-typings": {
      "version": "1.64.0",
      "resolved": "https://registry.npmjs.org/@figma/plugin-typings/-/plugin-typings-1.64.0.tgz",
      "integrity": "sha512-oQUqYh790cXBP3x9Ejq0Wyp/AJZzYfjlB3Od8xuljL/lJFUsP+z4BSshB6nipYmQb6iih1+9d1PhgE9qxzuQQg==",
      "dev": true
    },
    "node_modules/tslib": {
      "version": "1.10.0",
      "resolved": "https://registry.npmjs.org/tslib/-/tslib-1.10.0.tgz",
      "integrity": "sha512-qOebF53frne81cf0S9B41ByenJ3/IuH8yJKngAX35CmiZySA0khhkovshKK+jGCaMnVomla7gVlIcc3EvKPbTQ==",
      "dev": true
    }
  },
  "dependencies": {
    "@figma/plugin-typings": {
      "version": "1.64.0",
      "resolved": "https://registry.npmjs.org/@figma/plugin-typings/-/plugin-typings-1.64.0.tgz",
      "integrity": "sha512-oQUqYh790cXBP3x9Ejq0Wyp/AJZzYfjlB3Od8xuljL/lJFUsP+z4BSshB6nipYmQb6iih1+9d1PhgE9qxzuQQg==",
      "dev": true
    },
    "tslib": {
      "version": "1.10.0",
      "resolved": "https://registry.npmjs.org/tslib/-/tslib-1.10.0.tgz",
      "integrity": "sha512-qOebF53frne81cf0S9B41ByenJ3/IuH8yJKngAX35CmiZySA0khhkovshKK+jGCaMnVomla7gVlIcc3EvKPbTQ==",
      "dev": true
    }
  }
}
